// !$*UTF8*$!
{
	archiveVersion = 1;
	classes = {
	};
	objectVersion = 48;
	objects = {

/* Begin PBXBuildFile section */
		9BF1078F632888F6332694DD /* Pods_BrainDot.framework in Frameworks */ = {isa = PBXBuildFile; fileRef = 2459015FF5B1A42C519F6ED3 /* Pods_BrainDot.framework */; };
		D5468148204143D7001B87D2 /* GameThirdMenuCollectionViewCell.swift in Sources */ = {isa = PBXBuildFile; fileRef = D5468147204143D7001B87D2 /* GameThirdMenuCollectionViewCell.swift */; };
		D546814A20414962001B87D2 /* AppIcon.xcassets in Resources */ = {isa = PBXBuildFile; fileRef = D546814920414962001B87D2 /* AppIcon.xcassets */; };
		D57DAA902011BBD60020D198 /* AppDelegate.swift in Sources */ = {isa = PBXBuildFile; fileRef = D57DAA8F2011BBD60020D198 /* AppDelegate.swift */; };
		D57DAA922011BBD60020D198 /* GameScene.sks in Resources */ = {isa = PBXBuildFile; fileRef = D57DAA912011BBD60020D198 /* GameScene.sks */; };
		D57DAA942011BBD60020D198 /* Actions.sks in Resources */ = {isa = PBXBuildFile; fileRef = D57DAA932011BBD60020D198 /* Actions.sks */; };
		D57DAA962011BBD60020D198 /* GameScene.swift in Sources */ = {isa = PBXBuildFile; fileRef = D57DAA952011BBD60020D198 /* GameScene.swift */; };
		D57DAA982011BBD60020D198 /* GameViewController.swift in Sources */ = {isa = PBXBuildFile; fileRef = D57DAA972011BBD60020D198 /* GameViewController.swift */; };
		D57DAA9B2011BBD60020D198 /* Main.storyboard in Resources */ = {isa = PBXBuildFile; fileRef = D57DAA992011BBD60020D198 /* Main.storyboard */; };
		D57DAA9D2011BBD60020D198 /* Assets.xcassets in Resources */ = {isa = PBXBuildFile; fileRef = D57DAA9C2011BBD60020D198 /* Assets.xcassets */; };
		D57DAAA02011BBD60020D198 /* LaunchScreen.storyboard in Resources */ = {isa = PBXBuildFile; fileRef = D57DAA9E2011BBD60020D198 /* LaunchScreen.storyboard */; };
		D57DAAA82011BBEF0020D198 /* MainGameScene.swift in Sources */ = {isa = PBXBuildFile; fileRef = D57DAAA72011BBEF0020D198 /* MainGameScene.swift */; };
		D57DAAAA2011BC190020D198 /* GameData.swift in Sources */ = {isa = PBXBuildFile; fileRef = D57DAAA92011BC190020D198 /* GameData.swift */; };
		D57EBB11203DAC3D00AB0F65 /* GameMenuViewController.swift in Sources */ = {isa = PBXBuildFile; fileRef = D57EBB10203DAC3D00AB0F65 /* GameMenuViewController.swift */; };
		D57EBB16203DC65D00AB0F65 /* GameFirstMenuCollectionViewCell.swift in Sources */ = {isa = PBXBuildFile; fileRef = D57EBB15203DC65D00AB0F65 /* GameFirstMenuCollectionViewCell.swift */; };
		D5A7ECC4203FFF1500D1FCA6 /* GameSecondMenuCollectionViewCell.swift in Sources */ = {isa = PBXBuildFile; fileRef = D5A7ECC3203FFF1400D1FCA6 /* GameSecondMenuCollectionViewCell.swift */; };
		D5A7ECC620400A3300D1FCA6 /* GameMenuSceneView.swift in Sources */ = {isa = PBXBuildFile; fileRef = D5A7ECC520400A3300D1FCA6 /* GameMenuSceneView.swift */; };
		D5D56535203BCE2E007FF406 /* BubbleView.swift in Sources */ = {isa = PBXBuildFile; fileRef = D5D56534203BCE2E007FF406 /* BubbleView.swift */; };
		D5D5653C203BE986007FF406 /* CoreGraphics.framework in Frameworks */ = {isa = PBXBuildFile; fileRef = D5D5653B203BE986007FF406 /* CoreGraphics.framework */; };
		D5D56541203D38EF007FF406 /* BrainDotExtension.swift in Sources */ = {isa = PBXBuildFile; fileRef = D5D56540203D38EF007FF406 /* BrainDotExtension.swift */; };
		D5D56543203D3A6D007FF406 /* BrainDotHelper.swift in Sources */ = {isa = PBXBuildFile; fileRef = D5D56542203D3A6D007FF406 /* BrainDotHelper.swift */; };
/* End PBXBuildFile section */

/* Begin PBXFileReference section */
		16C56FE971C222D39B93F8F0 /* Pods-BrainDot.release.xcconfig */ = {isa = PBXFileReference; includeInIndex = 1; lastKnownFileType = text.xcconfig; name = "Pods-BrainDot.release.xcconfig"; path = "Pods/Target Support Files/Pods-BrainDot/Pods-BrainDot.release.xcconfig"; sourceTree = "<group>"; };
		2459015FF5B1A42C519F6ED3 /* Pods_BrainDot.framework */ = {isa = PBXFileReference; explicitFileType = wrapper.framework; includeInIndex = 0; path = Pods_BrainDot.framework; sourceTree = BUILT_PRODUCTS_DIR; };
		6B8F8C968304CC598DCCBE8A /* Pods-BrainDot.debug.xcconfig */ = {isa = PBXFileReference; includeInIndex = 1; lastKnownFileType = text.xcconfig; name = "Pods-BrainDot.debug.xcconfig"; path = "Pods/Target Support Files/Pods-BrainDot/Pods-BrainDot.debug.xcconfig"; sourceTree = "<group>"; };
		D5468147204143D7001B87D2 /* GameThirdMenuCollectionViewCell.swift */ = {isa = PBXFileReference; lastKnownFileType = sourcecode.swift; path = GameThirdMenuCollectionViewCell.swift; sourceTree = "<group>"; };
		D546814920414962001B87D2 /* AppIcon.xcassets */ = {isa = PBXFileReference; lastKnownFileType = folder.assetcatalog; path = AppIcon.xcassets; sourceTree = "<group>"; };
		D57DAA8C2011BBD60020D198 /* BrainDot.app */ = {isa = PBXFileReference; explicitFileType = wrapper.application; includeInIndex = 0; path = BrainDot.app; sourceTree = BUILT_PRODUCTS_DIR; };
		D57DAA8F2011BBD60020D198 /* AppDelegate.swift */ = {isa = PBXFileReference; lastKnownFileType = sourcecode.swift; path = AppDelegate.swift; sourceTree = "<group>"; };
		D57DAA912011BBD60020D198 /* GameScene.sks */ = {isa = PBXFileReference; lastKnownFileType = file.sks; path = GameScene.sks; sourceTree = "<group>"; };
		D57DAA932011BBD60020D198 /* Actions.sks */ = {isa = PBXFileReference; lastKnownFileType = file.sks; path = Actions.sks; sourceTree = "<group>"; };
		D57DAA952011BBD60020D198 /* GameScene.swift */ = {isa = PBXFileReference; lastKnownFileType = sourcecode.swift; path = GameScene.swift; sourceTree = "<group>"; };
		D57DAA972011BBD60020D198 /* GameViewController.swift */ = {isa = PBXFileReference; lastKnownFileType = sourcecode.swift; path = GameViewController.swift; sourceTree = "<group>"; };
		D57DAA9A2011BBD60020D198 /* Base */ = {isa = PBXFileReference; lastKnownFileType = file.storyboard; name = Base; path = Base.lproj/Main.storyboard; sourceTree = "<group>"; };
		D57DAA9C2011BBD60020D198 /* Assets.xcassets */ = {isa = PBXFileReference; lastKnownFileType = folder.assetcatalog; path = Assets.xcassets; sourceTree = "<group>"; };
		D57DAA9F2011BBD60020D198 /* Base */ = {isa = PBXFileReference; lastKnownFileType = file.storyboard; name = Base; path = Base.lproj/LaunchScreen.storyboard; sourceTree = "<group>"; };
		D57DAAA12011BBD60020D198 /* Info.plist */ = {isa = PBXFileReference; lastKnownFileType = text.plist.xml; path = Info.plist; sourceTree = "<group>"; };
		D57DAAA72011BBEF0020D198 /* MainGameScene.swift */ = {isa = PBXFileReference; lastKnownFileType = sourcecode.swift; path = MainGameScene.swift; sourceTree = "<group>"; };
		D57DAAA92011BC190020D198 /* GameData.swift */ = {isa = PBXFileReference; lastKnownFileType = sourcecode.swift; path = GameData.swift; sourceTree = "<group>"; };
		D57EBB10203DAC3D00AB0F65 /* GameMenuViewController.swift */ = {isa = PBXFileReference; lastKnownFileType = sourcecode.swift; path = GameMenuViewController.swift; sourceTree = "<group>"; };
		D57EBB15203DC65D00AB0F65 /* GameFirstMenuCollectionViewCell.swift */ = {isa = PBXFileReference; lastKnownFileType = sourcecode.swift; path = GameFirstMenuCollectionViewCell.swift; sourceTree = "<group>"; };
		D5A7ECC3203FFF1400D1FCA6 /* GameSecondMenuCollectionViewCell.swift */ = {isa = PBXFileReference; lastKnownFileType = sourcecode.swift; path = GameSecondMenuCollectionViewCell.swift; sourceTree = "<group>"; };
		D5A7ECC520400A3300D1FCA6 /* GameMenuSceneView.swift */ = {isa = PBXFileReference; lastKnownFileType = sourcecode.swift; path = GameMenuSceneView.swift; sourceTree = "<group>"; };
		D5D56534203BCE2E007FF406 /* BubbleView.swift */ = {isa = PBXFileReference; lastKnownFileType = sourcecode.swift; path = BubbleView.swift; sourceTree = "<group>"; };
		D5D56536203BE8CD007FF406 /* BrainDot-Bridging-Header.h */ = {isa = PBXFileReference; lastKnownFileType = sourcecode.c.h; path = "BrainDot-Bridging-Header.h"; sourceTree = "<group>"; };
		D5D5653B203BE986007FF406 /* CoreGraphics.framework */ = {isa = PBXFileReference; lastKnownFileType = wrapper.framework; name = CoreGraphics.framework; path = System/Library/Frameworks/CoreGraphics.framework; sourceTree = SDKROOT; };
		D5D56540203D38EF007FF406 /* BrainDotExtension.swift */ = {isa = PBXFileReference; lastKnownFileType = sourcecode.swift; path = BrainDotExtension.swift; sourceTree = "<group>"; };
		D5D56542203D3A6D007FF406 /* BrainDotHelper.swift */ = {isa = PBXFileReference; lastKnownFileType = sourcecode.swift; path = BrainDotHelper.swift; sourceTree = "<group>"; };
/* End PBXFileReference section */

/* Begin PBXFrameworksBuildPhase section */
		D57DAA892011BBD60020D198 /* Frameworks */ = {
			isa = PBXFrameworksBuildPhase;
			buildActionMask = 2147483647;
			files = (
				D5D5653C203BE986007FF406 /* CoreGraphics.framework in Frameworks */,
				9BF1078F632888F6332694DD /* Pods_BrainDot.framework in Frameworks */,
			);
			runOnlyForDeploymentPostprocessing = 0;
		};
/* End PBXFrameworksBuildPhase section */

/* Begin PBXGroup section */
		49CD817618F47869703759F2 /* Pods */ = {
			isa = PBXGroup;
			children = (
				6B8F8C968304CC598DCCBE8A /* Pods-BrainDot.debug.xcconfig */,
				16C56FE971C222D39B93F8F0 /* Pods-BrainDot.release.xcconfig */,
			);
			name = Pods;
			sourceTree = "<group>";
		};
		D57DAA832011BBD60020D198 = {
			isa = PBXGroup;
			children = (
				D57DAA8E2011BBD60020D198 /* BrainDot */,
				D57DAA8D2011BBD60020D198 /* Products */,
				D5D5653A203BE985007FF406 /* Frameworks */,
				49CD817618F47869703759F2 /* Pods */,
			);
			sourceTree = "<group>";
		};
		D57DAA8D2011BBD60020D198 /* Products */ = {
			isa = PBXGroup;
			children = (
				D57DAA8C2011BBD60020D198 /* BrainDot.app */,
			);
			name = Products;
			sourceTree = "<group>";
		};
		D57DAA8E2011BBD60020D198 /* BrainDot */ = {
			isa = PBXGroup;
			children = (
				D57EBB12203DC62900AB0F65 /* Menu */,
				D57DAAA72011BBEF0020D198 /* MainGameScene.swift */,
				D57DAA8F2011BBD60020D198 /* AppDelegate.swift */,
				D57DAA912011BBD60020D198 /* GameScene.sks */,
				D57DAA932011BBD60020D198 /* Actions.sks */,
				D57DAA952011BBD60020D198 /* GameScene.swift */,
				D57DAA972011BBD60020D198 /* GameViewController.swift */,
				D57DAA992011BBD60020D198 /* Main.storyboard */,
				D5D56534203BCE2E007FF406 /* BubbleView.swift */,
				D5D56540203D38EF007FF406 /* BrainDotExtension.swift */,
				D5D56542203D3A6D007FF406 /* BrainDotHelper.swift */,
				D57DAA9E2011BBD60020D198 /* LaunchScreen.storyboard */,
				D57DAAA12011BBD60020D198 /* Info.plist */,
				D57DAAA92011BC190020D198 /* GameData.swift */,
				D5D56536203BE8CD007FF406 /* BrainDot-Bridging-Header.h */,
				D546814920414962001B87D2 /* AppIcon.xcassets */,
				D57DAA9C2011BBD60020D198 /* Assets.xcassets */,
			);
			path = BrainDot;
			sourceTree = "<group>";
		};
		D57EBB12203DC62900AB0F65 /* Menu */ = {
			isa = PBXGroup;
			children = (
				D5A7ECC7204028EC00D1FCA6 /* Model */,
				D57EBB14203DC63B00AB0F65 /* View */,
				D57EBB13203DC63300AB0F65 /* ViewController */,
			);
			path = Menu;
			sourceTree = "<group>";
		};
		D57EBB13203DC63300AB0F65 /* ViewController */ = {
			isa = PBXGroup;
			children = (
				D57EBB10203DAC3D00AB0F65 /* GameMenuViewController.swift */,
			);
			path = ViewController;
			sourceTree = "<group>";
		};
		D57EBB14203DC63B00AB0F65 /* View */ = {
			isa = PBXGroup;
			children = (
				D57EBB15203DC65D00AB0F65 /* GameFirstMenuCollectionViewCell.swift */,
				D5A7ECC3203FFF1400D1FCA6 /* GameSecondMenuCollectionViewCell.swift */,
				D5A7ECC520400A3300D1FCA6 /* GameMenuSceneView.swift */,
				D5468147204143D7001B87D2 /* GameThirdMenuCollectionViewCell.swift */,
			);
			path = View;
			sourceTree = "<group>";
		};
		D5A7ECC7204028EC00D1FCA6 /* Model */ = {
			isa = PBXGroup;
			children = (
			);
			path = Model;
			sourceTree = "<group>";
		};
		D5D5653A203BE985007FF406 /* Frameworks */ = {
			isa = PBXGroup;
			children = (
				D5D5653B203BE986007FF406 /* CoreGraphics.framework */,
				2459015FF5B1A42C519F6ED3 /* Pods_BrainDot.framework */,
			);
			name = Frameworks;
			sourceTree = "<group>";
		};
/* End PBXGroup section */

/* Begin PBXNativeTarget section */
		D57DAA8B2011BBD60020D198 /* BrainDot */ = {
			isa = PBXNativeTarget;
			buildConfigurationList = D57DAAA42011BBD60020D198 /* Build configuration list for PBXNativeTarget "BrainDot" */;
			buildPhases = (
				224F1791A7BB2BA6C9F0C58E /* [CP] Check Pods Manifest.lock */,
				D57DAA882011BBD60020D198 /* Sources */,
				D57DAA892011BBD60020D198 /* Frameworks */,
				D57DAA8A2011BBD60020D198 /* Resources */,
				399EC45CF8945BFFB1AD685E /* [CP] Embed Pods Frameworks */,
				9AE66211DBDB46BF20B1A653 /* [CP] Copy Pods Resources */,
			);
			buildRules = (
			);
			dependencies = (
			);
			name = BrainDot;
			productName = BrainDot;
			productReference = D57DAA8C2011BBD60020D198 /* BrainDot.app */;
			productType = "com.apple.product-type.application";
		};
/* End PBXNativeTarget section */

/* Begin PBXProject section */
		D57DAA842011BBD60020D198 /* Project object */ = {
			isa = PBXProject;
			attributes = {
				LastSwiftUpdateCheck = 0920;
				LastUpgradeCheck = 0920;
				ORGANIZATIONNAME = "陈杰生";
				TargetAttributes = {
					D57DAA8B2011BBD60020D198 = {
						CreatedOnToolsVersion = 9.2;
						LastSwiftMigration = 0930;
						ProvisioningStyle = Automatic;
					};
				};
			};
			buildConfigurationList = D57DAA872011BBD60020D198 /* Build configuration list for PBXProject "BrainDot" */;
			compatibilityVersion = "Xcode 8.0";
			developmentRegion = en;
			hasScannedForEncodings = 0;
			knownRegions = (
				en,
				Base,
			);
			mainGroup = D57DAA832011BBD60020D198;
			productRefGroup = D57DAA8D2011BBD60020D198 /* Products */;
			projectDirPath = "";
			projectRoot = "";
			targets = (
				D57DAA8B2011BBD60020D198 /* BrainDot */,
			);
		};
/* End PBXProject section */

/* Begin PBXResourcesBuildPhase section */
		D57DAA8A2011BBD60020D198 /* Resources */ = {
			isa = PBXResourcesBuildPhase;
			buildActionMask = 2147483647;
			files = (
				D57DAA9B2011BBD60020D198 /* Main.storyboard in Resources */,
				D57DAA922011BBD60020D198 /* GameScene.sks in Resources */,
				D546814A20414962001B87D2 /* AppIcon.xcassets in Resources */,
				D57DAA9D2011BBD60020D198 /* Assets.xcassets in Resources */,
				D57DAAA02011BBD60020D198 /* LaunchScreen.storyboard in Resources */,
				D57DAA942011BBD60020D198 /* Actions.sks in Resources */,
			);
			runOnlyForDeploymentPostprocessing = 0;
		};
/* End PBXResourcesBuildPhase section */

/* Begin PBXShellScriptBuildPhase section */
		224F1791A7BB2BA6C9F0C58E /* [CP] Check Pods Manifest.lock */ = {
			isa = PBXShellScriptBuildPhase;
			buildActionMask = 2147483647;
			files = (
			);
			inputPaths = (
				"${PODS_PODFILE_DIR_PATH}/Podfile.lock",
				"${PODS_ROOT}/Manifest.lock",
			);
			name = "[CP] Check Pods Manifest.lock";
			outputPaths = (
				"$(DERIVED_FILE_DIR)/Pods-BrainDot-checkManifestLockResult.txt",
			);
			runOnlyForDeploymentPostprocessing = 0;
			shellPath = /bin/sh;
			shellScript = "diff \"${PODS_PODFILE_DIR_PATH}/Podfile.lock\" \"${PODS_ROOT}/Manifest.lock\" > /dev/null\nif [ $? != 0 ] ; then\n    # print error to STDERR\n    echo \"error: The sandbox is not in sync with the Podfile.lock. Run 'pod install' or update your CocoaPods installation.\" >&2\n    exit 1\nfi\n# This output is used by Xcode 'outputs' to avoid re-running this script phase.\necho \"SUCCESS\" > \"${SCRIPT_OUTPUT_FILE_0}\"\n";
			showEnvVarsInLog = 0;
		};
		399EC45CF8945BFFB1AD685E /* [CP] Embed Pods Frameworks */ = {
			isa = PBXShellScriptBuildPhase;
			buildActionMask = 2147483647;
			files = (
			);
			inputPaths = (
				"${SRCROOT}/Pods/Target Support Files/Pods-BrainDot/Pods-BrainDot-frameworks.sh",
				"${BUILT_PRODUCTS_DIR}/Realm/Realm.framework",
				"${BUILT_PRODUCTS_DIR}/RealmSwift/RealmSwift.framework",
			);
			name = "[CP] Embed Pods Frameworks";
			outputPaths = (
				"${TARGET_BUILD_DIR}/${FRAMEWORKS_FOLDER_PATH}/Realm.framework",
				"${TARGET_BUILD_DIR}/${FRAMEWORKS_FOLDER_PATH}/RealmSwift.framework",
			);
			runOnlyForDeploymentPostprocessing = 0;
			shellPath = /bin/sh;
			shellScript = "\"${SRCROOT}/Pods/Target Support Files/Pods-BrainDot/Pods-BrainDot-frameworks.sh\"\n";
			showEnvVarsInLog = 0;
		};
		9AE66211DBDB46BF20B1A653 /* [CP] Copy Pods Resources */ = {
			isa = PBXShellScriptBuildPhase;
			buildActionMask = 2147483647;
			files = (
			);
			inputPaths = (
			);
			name = "[CP] Copy Pods Resources";
			outputPaths = (
			);
			runOnlyForDeploymentPostprocessing = 0;
			shellPath = /bin/sh;
			shellScript = "\"${SRCROOT}/Pods/Target Support Files/Pods-BrainDot/Pods-BrainDot-resources.sh\"\n";
			showEnvVarsInLog = 0;
		};
/* End PBXShellScriptBuildPhase section */

/* Begin PBXSourcesBuildPhase section */
		D57DAA882011BBD60020D198 /* Sources */ = {
			isa = PBXSourcesBuildPhase;
			buildActionMask = 2147483647;
			files = (
				D5D56535203BCE2E007FF406 /* BubbleView.swift in Sources */,
				D5A7ECC4203FFF1500D1FCA6 /* GameSecondMenuCollectionViewCell.swift in Sources */,
				D5468148204143D7001B87D2 /* GameThirdMenuCollectionViewCell.swift in Sources */,
				D57DAA962011BBD60020D198 /* GameScene.swift in Sources */,
				D5D56543203D3A6D007FF406 /* BrainDotHelper.swift in Sources */,
				D57DAAAA2011BC190020D198 /* GameData.swift in Sources */,
				D57EBB11203DAC3D00AB0F65 /* GameMenuViewController.swift in Sources */,
				D5A7ECC620400A3300D1FCA6 /* GameMenuSceneView.swift in Sources */,
				D57DAA982011BBD60020D198 /* GameViewController.swift in Sources */,
				D57EBB16203DC65D00AB0F65 /* GameFirstMenuCollectionViewCell.swift in Sources */,
				D5D56541203D38EF007FF406 /* BrainDotExtension.swift in Sources */,
				D57DAA902011BBD60020D198 /* AppDelegate.swift in Sources */,
				D57DAAA82011BBEF0020D198 /* MainGameScene.swift in Sources */,
			);
			runOnlyForDeploymentPostprocessing = 0;
		};
/* End PBXSourcesBuildPhase section */

/* Begin PBXVariantGroup section */
		D57DAA992011BBD60020D198 /* Main.storyboard */ = {
			isa = PBXVariantGroup;
			children = (
				D57DAA9A2011BBD60020D198 /* Base */,
			);
			name = Main.storyboard;
			sourceTree = "<group>";
		};
		D57DAA9E2011BBD60020D198 /* LaunchScreen.storyboard */ = {
			isa = PBXVariantGroup;
			children = (
				D57DAA9F2011BBD60020D198 /* Base */,
			);
			name = LaunchScreen.storyboard;
			sourceTree = "<group>";
		};
/* End PBXVariantGroup section */

/* Begin XCBuildConfiguration section */
		D57DAAA22011BBD60020D198 /* Debug */ = {
			isa = XCBuildConfiguration;
			buildSettings = {
				ALWAYS_SEARCH_USER_PATHS = NO;
				CLANG_ANALYZER_NONNULL = YES;
				CLANG_ANALYZER_NUMBER_OBJECT_CONVERSION = YES_AGGRESSIVE;
				CLANG_CXX_LANGUAGE_STANDARD = "gnu++14";
				CLANG_CXX_LIBRARY = "libc++";
				CLANG_ENABLE_MODULES = YES;
				CLANG_ENABLE_OBJC_ARC = YES;
				CLANG_WARN_BLOCK_CAPTURE_AUTORELEASING = YES;
				CLANG_WARN_BOOL_CONVERSION = YES;
				CLANG_WARN_COMMA = YES;
				CLANG_WARN_CONSTANT_CONVERSION = YES;
				CLANG_WARN_DIRECT_OBJC_ISA_USAGE = YES_ERROR;
				CLANG_WARN_DOCUMENTATION_COMMENTS = YES;
				CLANG_WARN_EMPTY_BODY = YES;
				CLANG_WARN_ENUM_CONVERSION = YES;
				CLANG_WARN_INFINITE_RECURSION = YES;
				CLANG_WARN_INT_CONVERSION = YES;
				CLANG_WARN_NON_LITERAL_NULL_CONVERSION = YES;
				CLANG_WARN_OBJC_LITERAL_CONVERSION = YES;
				CLANG_WARN_OBJC_ROOT_CLASS = YES_ERROR;
				CLANG_WARN_RANGE_LOOP_ANALYSIS = YES;
				CLANG_WARN_STRICT_PROTOTYPES = YES;
				CLANG_WARN_SUSPICIOUS_MOVE = YES;
				CLANG_WARN_UNGUARDED_AVAILABILITY = YES_AGGRESSIVE;
				CLANG_WARN_UNREACHABLE_CODE = YES;
				CLANG_WARN__DUPLICATE_METHOD_MATCH = YES;
				CODE_SIGN_IDENTITY = "iPhone Developer";
				COPY_PHASE_STRIP = NO;
				DEBUG_INFORMATION_FORMAT = dwarf;
				ENABLE_STRICT_OBJC_MSGSEND = YES;
				ENABLE_TESTABILITY = YES;
				GCC_C_LANGUAGE_STANDARD = gnu11;
				GCC_DYNAMIC_NO_PIC = NO;
				GCC_NO_COMMON_BLOCKS = YES;
				GCC_OPTIMIZATION_LEVEL = 0;
				GCC_PREPROCESSOR_DEFINITIONS = (
					"DEBUG=1",
					"$(inherited)",
				);
				GCC_WARN_64_TO_32_BIT_CONVERSION = YES;
				GCC_WARN_ABOUT_RETURN_TYPE = YES_ERROR;
				GCC_WARN_UNDECLARED_SELECTOR = YES;
				GCC_WARN_UNINITIALIZED_AUTOS = YES_AGGRESSIVE;
				GCC_WARN_UNUSED_FUNCTION = YES;
				GCC_WARN_UNUSED_VARIABLE = YES;
				IPHONEOS_DEPLOYMENT_TARGET = 11.2;
				MTL_ENABLE_DEBUG_INFO = YES;
				ONLY_ACTIVE_ARCH = YES;
				SDKROOT = iphoneos;
				SWIFT_ACTIVE_COMPILATION_CONDITIONS = DEBUG;
				SWIFT_OPTIMIZATION_LEVEL = "-Onone";
			};
			name = Debug;
		};
		D57DAAA32011BBD60020D198 /* Release */ = {
			isa = XCBuildConfiguration;
			buildSettings = {
				ALWAYS_SEARCH_USER_PATHS = NO;
				CLANG_ANALYZER_NONNULL = YES;
				CLANG_ANALYZER_NUMBER_OBJECT_CONVERSION = YES_AGGRESSIVE;
				CLANG_CXX_LANGUAGE_STANDARD = "gnu++14";
				CLANG_CXX_LIBRARY = "libc++";
				CLANG_ENABLE_MODULES = YES;
				CLANG_ENABLE_OBJC_ARC = YES;
				CLANG_WARN_BLOCK_CAPTURE_AUTORELEASING = YES;
				CLANG_WARN_BOOL_CONVERSION = YES;
				CLANG_WARN_COMMA = YES;
				CLANG_WARN_CONSTANT_CONVERSION = YES;
				CLANG_WARN_DIRECT_OBJC_ISA_USAGE = YES_ERROR;
				CLANG_WARN_DOCUMENTATION_COMMENTS = YES;
				CLANG_WARN_EMPTY_BODY = YES;
				CLANG_WARN_ENUM_CONVERSION = YES;
				CLANG_WARN_INFINITE_RECURSION = YES;
				CLANG_WARN_INT_CONVERSION = YES;
				CLANG_WARN_NON_LITERAL_NULL_CONVERSION = YES;
				CLANG_WARN_OBJC_LITERAL_CONVERSION = YES;
				CLANG_WARN_OBJC_ROOT_CLASS = YES_ERROR;
				CLANG_WARN_RANGE_LOOP_ANALYSIS = YES;
				CLANG_WARN_STRICT_PROTOTYPES = YES;
				CLANG_WARN_SUSPICIOUS_MOVE = YES;
				CLANG_WARN_UNGUARDED_AVAILABILITY = YES_AGGRESSIVE;
				CLANG_WARN_UNREACHABLE_CODE = YES;
				CLANG_WARN__DUPLICATE_METHOD_MATCH = YES;
				CODE_SIGN_IDENTITY = "iPhone Developer";
				COPY_PHASE_STRIP = NO;
				DEBUG_INFORMATION_FORMAT = "dwarf-with-dsym";
				ENABLE_NS_ASSERTIONS = NO;
				ENABLE_STRICT_OBJC_MSGSEND = YES;
				GCC_C_LANGUAGE_STANDARD = gnu11;
				GCC_NO_COMMON_BLOCKS = YES;
				GCC_WARN_64_TO_32_BIT_CONVERSION = YES;
				GCC_WARN_ABOUT_RETURN_TYPE = YES_ERROR;
				GCC_WARN_UNDECLARED_SELECTOR = YES;
				GCC_WARN_UNINITIALIZED_AUTOS = YES_AGGRESSIVE;
				GCC_WARN_UNUSED_FUNCTION = YES;
				GCC_WARN_UNUSED_VARIABLE = YES;
				IPHONEOS_DEPLOYMENT_TARGET = 11.2;
				MTL_ENABLE_DEBUG_INFO = NO;
				SDKROOT = iphoneos;
				SWIFT_OPTIMIZATION_LEVEL = "-Owholemodule";
				VALIDATE_PRODUCT = YES;
			};
			name = Release;
		};
		D57DAAA52011BBD60020D198 /* Debug */ = {
			isa = XCBuildConfiguration;
			baseConfigurationReference = 6B8F8C968304CC598DCCBE8A /* Pods-BrainDot.debug.xcconfig */;
			buildSettings = {
				ASSETCATALOG_COMPILER_APPICON_NAME = AppIcon;
				CLANG_ENABLE_MODULES = YES;
				CODE_SIGN_STYLE = Automatic;
				DEVELOPMENT_TEAM = XY62SV3XGC;
				INFOPLIST_FILE = BrainDot/Info.plist;
				IPHONEOS_DEPLOYMENT_TARGET = 10.0;
				LD_RUNPATH_SEARCH_PATHS = "$(inherited) @executable_path/Frameworks";
				PRODUCT_BUNDLE_IDENTIFIER = com.jasooon.project.BrainDot;
				PRODUCT_NAME = "$(TARGET_NAME)";
				SWIFT_OBJC_BRIDGING_HEADER = "BrainDot/BrainDot-Bridging-Header.h";
				SWIFT_OPTIMIZATION_LEVEL = "-Onone";
				SWIFT_VERSION = 4.0;
				TARGETED_DEVICE_FAMILY = "1,2";
			};
			name = Debug;
		};
		D57DAAA62011BBD60020D198 /* Release */ = {
			isa = XCBuildConfiguration;
			baseConfigurationReference = 16C56FE971C222D39B93F8F0 /* Pods-BrainDot.release.xcconfig */;
			buildSettings = {
				ASSETCATALOG_COMPILER_APPICON_NAME = AppIcon;
				CLANG_ENABLE_MODULES = YES;
				CODE_SIGN_STYLE = Automatic;
				DEVELOPMENT_TEAM = XY62SV3XGC;
				INFOPLIST_FILE = BrainDot/Info.plist;
				IPHONEOS_DEPLOYMENT_TARGET = 10.0;
				LD_RUNPATH_SEARCH_PATHS = "$(inherited) @executable_path/Frameworks";
				PRODUCT_BUNDLE_IDENTIFIER = com.jasooon.project.BrainDot;
				PRODUCT_NAME = "$(TARGET_NAME)";
				SWIFT_OBJC_BRIDGING_HEADER = "BrainDot/BrainDot-Bridging-Header.h";
				SWIFT_VERSION = 4.0;
				TARGETED_DEVICE_FAMILY = "1,2";
			};
			name = Release;
		};
/* End XCBuildConfiguration section */

/* Begin XCConfigurationList section */
		D57DAA872011BBD60020D198 /* Build configuration list for PBXProject "BrainDot" */ = {
			isa = XCConfigurationList;
			buildConfigurations = (
				D57DAAA22011BBD60020D198 /* Debug */,
				D57DAAA32011BBD60020D198 /* Release */,
			);
			defaultConfigurationIsVisible = 0;
			defaultConfigurationName = Release;
		};
		D57DAAA42011BBD60020D198 /* Build configuration list for PBXNativeTarget "BrainDot" */ = {
			isa = XCConfigurationList;
			buildConfigurations = (
				D57DAAA52011BBD60020D198 /* Debug */,
				D57DAAA62011BBD60020D198 /* Release */,
			);
			defaultConfigurationIsVisible = 0;
			defaultConfigurationName = Release;
		};
/* End XCConfigurationList section */
	};
	rootObject = D57DAA842011BBD60020D198 /* Project object */;
}
